
Microsoft Visual Studio Solution File, Format Version 12.00
# Visual Studio Version 17
VisualStudioVersion = 17.14.36203.30 d17.14
MinimumVisualStudioVersion = 10.0.40219.1
Project("{8BC9CEB8-8B4A-11D0-8D11-00A0C91BC942}") = "PG3-5-1", "PG3-5-1\PG3-5-1.vcxproj", "{4803EFDF-EB31-4AC8-BC6C-E34004EF83C4}"
EndProject
Global
	GlobalSection(SolutionConfigurationPlatforms) = preSolution
		Debug|x64 = Debug|x64
		Develop|x64 = Develop|x64
		Release|x64 = Release|x64
	EndGlobalSection
	GlobalSection(ProjectConfigurationPlatforms) = postSolution
		{4803EFDF-EB31-4AC8-BC6C-E34004EF83C4}.Debug|x64.ActiveCfg = Debug|x64
		{4803EFDF-EB31-4AC8-BC6C-E34004EF83C4}.Debug|x64.Build.0 = Debug|x64
		{4803EFDF-EB31-4AC8-BC6C-E34004EF83C4}.Develop|x64.ActiveCfg = Develop|x64
		{4803EFDF-EB31-4AC8-BC6C-E34004EF83C4}.Develop|x64.Build.0 = Develop|x64
		{4803EFDF-EB31-4AC8-BC6C-E34004EF83C4}.Release|x64.ActiveCfg = Release|x64
		{4803EFDF-EB31-4AC8-BC6C-E34004EF83C4}.Release|x64.Build.0 = Release|x64
	EndGlobalSection
	GlobalSection(SolutionProperties) = preSolution
		HideSolutionNode = FALSE
	EndGlobalSection
	GlobalSection(ExtensibilityGlobals) = postSolution
		SolutionGuid = {763C0B98-A122-4E5C-BCAB-7C71F2C7B341}
	EndGlobalSection
EndGlobal
